
Microsoft Visual Studio Solution File, Format Version 12.00
# Visual Studio Version 16
VisualStudioVersion = 16.0.30225.117
MinimumVisualStudioVersion = 10.0.40219.1
Project("{FAE04EC0-301F-11D3-BF4B-00C04F79EFBC}") = "LabSampleTrackingApi", "LabSampleApi\LabSampleTrackingApi.csproj", "{C3CC0EB9-ACC9-46CA-AD37-CEDB7F756B47}"
EndProject
Project("{FAE04EC0-301F-11D3-BF4B-00C04F79EFBC}") = "LabSampleTrackingLibrary", "LabSampleLibrary\LabSampleTrackingLibrary.csproj", "{988ED781-65B2-4DB7-B302-0DCB1DF676DE}"
EndProject
Project("{FAE04EC0-301F-11D3-BF4B-00C04F79EFBC}") = "LabSampleTrackingModels", "LabSampleModels\LabSampleTrackingModels.csproj", "{5CDA6C4E-BAB9-40D6-9697-48E59BFB76B8}"
EndProject
Global
	GlobalSection(SolutionConfigurationPlatforms) = preSolution
		Debug|Any CPU = Debug|Any CPU
		Release|Any CPU = Release|Any CPU
	EndGlobalSection
	GlobalSection(ProjectConfigurationPlatforms) = postSolution
		{C3CC0EB9-ACC9-46CA-AD37-CEDB7F756B47}.Debug|Any CPU.ActiveCfg = Debug|Any CPU
		{C3CC0EB9-ACC9-46CA-AD37-CEDB7F756B47}.Debug|Any CPU.Build.0 = Debug|Any CPU
		{C3CC0EB9-ACC9-46CA-AD37-CEDB7F756B47}.Release|Any CPU.ActiveCfg = Release|Any CPU
		{C3CC0EB9-ACC9-46CA-AD37-CEDB7F756B47}.Release|Any CPU.Build.0 = Release|Any CPU
		{988ED781-65B2-4DB7-B302-0DCB1DF676DE}.Debug|Any CPU.ActiveCfg = Debug|Any CPU
		{988ED781-65B2-4DB7-B302-0DCB1DF676DE}.Debug|Any CPU.Build.0 = Debug|Any CPU
		{988ED781-65B2-4DB7-B302-0DCB1DF676DE}.Release|Any CPU.ActiveCfg = Release|Any CPU
		{988ED781-65B2-4DB7-B302-0DCB1DF676DE}.Release|Any CPU.Build.0 = Release|Any CPU
		{5CDA6C4E-BAB9-40D6-9697-48E59BFB76B8}.Debug|Any CPU.ActiveCfg = Debug|Any CPU
		{5CDA6C4E-BAB9-40D6-9697-48E59BFB76B8}.Debug|Any CPU.Build.0 = Debug|Any CPU
		{5CDA6C4E-BAB9-40D6-9697-48E59BFB76B8}.Release|Any CPU.ActiveCfg = Release|Any CPU
		{5CDA6C4E-BAB9-40D6-9697-48E59BFB76B8}.Release|Any CPU.Build.0 = Release|Any CPU
	EndGlobalSection
	GlobalSection(SolutionProperties) = preSolution
		HideSolutionNode = FALSE
	EndGlobalSection
	GlobalSection(ExtensibilityGlobals) = postSolution
		SolutionGuid = {E58B4F8C-D60D-4E5E-BAA7-DDB92ED82496}
	EndGlobalSection
EndGlobal
